{
    "version": 3,
    "terraform_version": "0.11.13",
    "serial": 3,
    "lineage": "ce7dbafa-13ac-6214-2412-60b70bfe7eef",
    "modules": [
        {
            "path": [
                "root"
            ],
            "outputs": {},
            "resources": {
                "google_compute_instance.default": {
                    "type": "google_compute_instance",
                    "depends_on": [],
                    "primary": {
                        "id": "test",
                        "attributes": {
                            "attached_disk.#": "0",
                            "boot_disk.#": "1",
                            "boot_disk.0.auto_delete": "true",
                            "boot_disk.0.device_name": "persistent-disk-0",
                            "boot_disk.0.disk_encryption_key_raw": "",
                            "boot_disk.0.disk_encryption_key_sha256": "",
                            "boot_disk.0.initialize_params.#": "1",
                            "boot_disk.0.initialize_params.0.image": "https://www.googleapis.com/compute/v1/projects/ubuntu-os-cloud/global/images/ubuntu-1604-xenial-v20191024",
                            "boot_disk.0.initialize_params.0.labels.%": "0",
                            "boot_disk.0.initialize_params.0.size": "10",
                            "boot_disk.0.initialize_params.0.type": "pd-standard",
                            "boot_disk.0.kms_key_self_link": "",
                            "boot_disk.0.mode": "READ_WRITE",
                            "boot_disk.0.source": "https://www.googleapis.com/compute/v1/projects/lexical-theory-250906/zones/us-central1-a/disks/test",
                            "can_ip_forward": "false",
                            "cpu_platform": "Intel Haswell",
                            "deletion_protection": "false",
                            "description": "",
                            "guest_accelerator.#": "0",
                            "hostname": "",
                            "id": "test",
                            "instance_id": "3681856215575294323",
                            "label_fingerprint": "42WmSpB8rSM=",
                            "labels.%": "0",
                            "machine_type": "n1-standard-1",
                            "metadata.%": "1",
                            "metadata.foo": "bar",
                            "metadata_fingerprint": "8NhbNOPFZqY=",
                            "metadata_startup_script": "echo hi \u003e /test.txt",
                            "min_cpu_platform": "",
                            "name": "test",
                            "network_interface.#": "1",
                            "network_interface.0.access_config.#": "1",
                            "network_interface.0.access_config.0.assigned_nat_ip": "",
                            "network_interface.0.access_config.0.nat_ip": "35.239.71.135",
                            "network_interface.0.access_config.0.network_tier": "PREMIUM",
                            "network_interface.0.access_config.0.public_ptr_domain_name": "",
                            "network_interface.0.address": "",
                            "network_interface.0.alias_ip_range.#": "0",
                            "network_interface.0.name": "nic0",
                            "network_interface.0.network": "https://www.googleapis.com/compute/v1/projects/lexical-theory-250906/global/networks/default",
                            "network_interface.0.network_ip": "10.128.0.34",
                            "network_interface.0.subnetwork": "https://www.googleapis.com/compute/v1/projects/lexical-theory-250906/regions/us-central1/subnetworks/default",
                            "network_interface.0.subnetwork_project": "lexical-theory-250906",
                            "project": "lexical-theory-250906",
                            "scheduling.#": "1",
                            "scheduling.0.automatic_restart": "true",
                            "scheduling.0.node_affinities.#": "0",
                            "scheduling.0.on_host_maintenance": "MIGRATE",
                            "scheduling.0.preemptible": "false",
                            "scratch_disk.#": "1",
                            "scratch_disk.0.interface": "SCSI",
                            "self_link": "https://www.googleapis.com/compute/v1/projects/lexical-theory-250906/zones/us-central1-a/instances/test",
                            "service_account.#": "0",
                            "shielded_instance_config.#": "0",
                            "tags.#": "0",
                            "tags_fingerprint": "42WmSpB8rSM=",
                            "zone": "us-central1-a"
                        },
                        "meta": {
                            "e2bfb730-ecaa-11e6-8f88-34363bc7c4c0": {
                                "create": 1200000000000,
                                "delete": 1200000000000,
                                "update": 1200000000000
                            },
                            "schema_version": "6"
                        },
                        "tainted": false
                    },
                    "deposed": [],
                    "provider": "provider.google"
                }
            },
            "depends_on": []
        }
    ]
}
