{
    "version": 3,
    "terraform_version": "0.11.13",
    "serial": 3,
    "lineage": "042c1351-336d-6082-f315-17de234a5919",
    "modules": [
        {
            "path": [
                "root"
            ],
            "outputs": {},
            "resources": {
                "google_storage_bucket.bucket-storage": {
                    "type": "google_storage_bucket",
                    "depends_on": [],
                    "primary": {
                        "id": "image-store1",
                        "attributes": {
                            "bucket_policy_only": "false",
                            "cors.#": "0",
                            "encryption.#": "0",
                            "force_destroy": "false",
                            "id": "image-store1",
                            "labels.%": "0",
                            "lifecycle_rule.#": "0",
                            "location": "ASIA",
                            "logging.#": "0",
                            "name": "image-store1",
                            "project": "lexical-theory-250906",
                            "requester_pays": "false",
                            "retention_policy.#": "0",
                            "self_link": "https://www.googleapis.com/storage/v1/b/image-store1",
                            "storage_class": "NEARLINE",
                            "url": "gs://image-store1",
                            "versioning.#": "0",
                            "website.#": "0"
                        },
                        "meta": {},
                        "tainted": false
                    },
                    "deposed": [],
                    "provider": "provider.google"
                }
            },
            "depends_on": []
        }
    ]
}
